{
  "R": {
    "Version": "4.2.1",
    "Repositories": [
      {
        "Name": "CRAN",
        "URL": "https://packagemanager.posit.co/cran/latest"
      }
    ]
  },
  "Packages": {
    "R6": {
      "Package": "R6",
      "Version": "2.5.1",
      "Source": "Repository",
      "Repository": "RSPM",
      "Requirements": [
        "R"
      ],
      "Hash": "470851b6d5d0ac559e9d01bb352b4021"
    },
    "Rcpp": {
      "Package": "Rcpp",
      "Version": "1.0.9",
      "Source": "Repository",
      "Repository": "CRAN",
      "Requirements": [
        "methods",
        "utils"
      ],
      "Hash": "e9c08b94391e9f3f97355841229124f2"
    },
    "askpass": {
      "Package": "askpass",
      "Version": "1.1",
      "Source": "Repository",
      "Repository": "RSPM",
      "Requirements": [
        "sys"
      ],
      "Hash": "e8a22846fff485f0be3770c2da758713"
    },
    "attempt": {
      "Package": "attempt",
      "Version": "0.3.1",
      "Source": "Repository",
      "Repository": "RSPM",
      "Requirements": [
        "rlang"
      ],
      "Hash": "d7421bb5dfeb2676b9e4a5a60c2fcfd2"
    },
    "azmetr": {
      "Package": "azmetr",
      "Version": "0.2.0.9000",
      "Source": "GitHub",
      "RemoteType": "github",
      "RemoteHost": "api.github.com",
      "RemoteRepo": "azmetr",
      "RemoteUsername": "uace-azmet",
      "RemoteRef": "HEAD",
      "RemoteSha": "6d22c29bd5d487c89ec0969e0388c3b5281134de",
      "Requirements": [
        "R",
        "attempt",
        "curl",
        "dplyr",
        "httr2",
        "lubridate",
        "magrittr",
        "purrr",
        "rlang",
        "tibble",
        "tidyselect"
      ],
      "Hash": "48cf69881d582caa697739755b177620"
    },
    "base64enc": {
      "Package": "base64enc",
      "Version": "0.1-3",
      "Source": "Repository",
      "Repository": "RSPM",
      "Requirements": [
        "R"
      ],
      "Hash": "543776ae6848fde2f48ff3816d0628bc"
    },
    "bit": {
      "Package": "bit",
      "Version": "4.0.4",
      "Source": "Repository",
      "Repository": "CRAN",
      "Requirements": [
        "R"
      ],
      "Hash": "f36715f14d94678eea9933af927bc15d"
    },
    "bit64": {
      "Package": "bit64",
      "Version": "4.0.5",
      "Source": "Repository",
      "Repository": "RSPM",
      "Requirements": [
        "R",
        "bit",
        "methods",
        "stats",
        "utils"
      ],
      "Hash": "9fe98599ca456d6552421db0d6772d8f"
    },
    "bslib": {
      "Package": "bslib",
      "Version": "0.8.0",
      "Source": "Repository",
      "Repository": "CRAN",
      "Requirements": [
        "R",
        "base64enc",
        "cachem",
        "fastmap",
        "grDevices",
        "htmltools",
        "jquerylib",
        "jsonlite",
        "lifecycle",
        "memoise",
        "mime",
        "rlang",
        "sass"
      ],
      "Hash": "b299c6741ca9746fb227debcb0f9fb6c"
    },
    "cachem": {
      "Package": "cachem",
      "Version": "1.0.6",
      "Source": "Repository",
      "Repository": "CRAN",
      "Requirements": [
        "fastmap",
        "rlang"
      ],
      "Hash": "648c5b3d71e6a37e3043617489a0a0e9"
    },
    "cli": {
      "Package": "cli",
      "Version": "3.6.1",
      "Source": "Repository",
      "Repository": "RSPM",
      "Requirements": [
        "R",
        "utils"
      ],
      "Hash": "89e6d8219950eac806ae0c489052048a"
    },
    "commonmark": {
      "Package": "commonmark",
      "Version": "1.9.0",
      "Source": "Repository",
      "Repository": "RSPM",
      "Hash": "d691c61bff84bd63c383874d2d0c3307"
    },
    "cpp11": {
      "Package": "cpp11",
      "Version": "0.4.6",
      "Source": "Repository",
      "Repository": "RSPM",
      "Requirements": [
        "R"
      ],
      "Hash": "707fae4bbf73697ec8d85f9d7076c061"
    },
    "crayon": {
      "Package": "crayon",
      "Version": "1.5.1",
      "Source": "Repository",
      "Repository": "CRAN",
      "Requirements": [
        "grDevices",
        "methods",
        "utils"
      ],
      "Hash": "8dc45fd8a1ee067a92b85ef274e66d6a"
    },
    "curl": {
      "Package": "curl",
      "Version": "5.0.2",
      "Source": "Repository",
      "Repository": "CRAN",
      "Requirements": [
        "R"
      ],
      "Hash": "511bacbfa153a15251166b463b4da4f9"
    },
    "digest": {
      "Package": "digest",
      "Version": "0.6.29",
      "Source": "Repository",
      "Repository": "CRAN",
      "Requirements": [
        "R",
        "utils"
      ],
      "Hash": "cf6b206a045a684728c3267ef7596190"
    },
    "dplyr": {
      "Package": "dplyr",
      "Version": "1.1.2",
      "Source": "Repository",
      "Repository": "RSPM",
      "Requirements": [
        "R",
        "R6",
        "cli",
        "generics",
        "glue",
        "lifecycle",
        "magrittr",
        "methods",
        "pillar",
        "rlang",
        "tibble",
        "tidyselect",
        "utils",
        "vctrs"
      ],
      "Hash": "dea6970ff715ca541c387de363ff405e"
    },
    "ellipsis": {
      "Package": "ellipsis",
      "Version": "0.3.2",
      "Source": "Repository",
      "Repository": "RSPM",
      "Requirements": [
        "R",
        "rlang"
      ],
      "Hash": "bb0eec2fe32e88d9e2836c2f73ea2077"
    },
    "fansi": {
      "Package": "fansi",
      "Version": "1.0.4",
      "Source": "Repository",
      "Repository": "RSPM",
      "Requirements": [
        "R",
        "grDevices",
        "utils"
      ],
      "Hash": "1d9e7ad3c8312a192dea7d3db0274fde"
    },
    "fastmap": {
      "Package": "fastmap",
      "Version": "1.2.0",
      "Source": "Repository",
      "Repository": "RSPM",
      "Hash": "aa5e1cd11c2d15497494c5292d7ffcc8"
    },
    "fontawesome": {
      "Package": "fontawesome",
      "Version": "0.3.0",
      "Source": "Repository",
      "Repository": "CRAN",
      "Requirements": [
        "R",
        "htmltools",
        "rlang"
      ],
      "Hash": "a36c4a3eade472039a3ec8cb824e6dc4"
    },
    "fs": {
      "Package": "fs",
      "Version": "1.5.2",
      "Source": "Repository",
      "Repository": "CRAN",
      "Requirements": [
        "R",
        "methods"
      ],
      "Hash": "7c89603d81793f0d5486d91ab1fc6f1d"
    },
    "generics": {
      "Package": "generics",
      "Version": "0.1.3",
      "Source": "Repository",
      "Repository": "RSPM",
      "Requirements": [
        "R",
        "methods"
      ],
      "Hash": "15e9634c0fcd294799e9b2e929ed1b86"
    },
    "glue": {
      "Package": "glue",
      "Version": "1.6.2",
      "Source": "Repository",
      "Repository": "RSPM",
      "Requirements": [
        "R",
        "methods"
      ],
      "Hash": "4f2596dfb05dac67b9dc558e5c6fba2e"
    },
    "hms": {
      "Package": "hms",
      "Version": "1.1.2",
      "Source": "Repository",
      "Repository": "CRAN",
      "Requirements": [
        "ellipsis",
        "lifecycle",
        "methods",
        "pkgconfig",
        "rlang",
        "vctrs"
      ],
      "Hash": "41100392191e1244b887878b533eea91"
    },
    "htmltools": {
      "Package": "htmltools",
      "Version": "0.5.8.1",
      "Source": "Repository",
      "Repository": "RSPM",
      "Requirements": [
        "R",
        "base64enc",
        "digest",
        "fastmap",
        "grDevices",
        "rlang",
        "utils"
      ],
      "Hash": "81d371a9cc60640e74e4ab6ac46dcedc"
    },
    "httpuv": {
      "Package": "httpuv",
      "Version": "1.6.5",
      "Source": "Repository",
      "Repository": "CRAN",
      "Requirements": [
        "R",
        "R6",
        "Rcpp",
        "later",
        "promises",
        "utils"
      ],
      "Hash": "97fe71f0a4a1c9890e6c2128afa04bc0"
    },
    "httr2": {
      "Package": "httr2",
      "Version": "0.2.3",
      "Source": "Repository",
      "Repository": "RSPM",
      "Requirements": [
        "R",
        "R6",
        "cli",
        "curl",
        "glue",
        "magrittr",
        "openssl",
        "rappdirs",
        "rlang",
        "withr"
      ],
      "Hash": "193bb297368afbbb42dc85784a46b36e"
    },
    "jquerylib": {
      "Package": "jquerylib",
      "Version": "0.1.4",
      "Source": "Repository",
      "Repository": "RSPM",
      "Requirements": [
        "htmltools"
      ],
      "Hash": "5aab57a3bd297eee1c1d862735972182"
    },
    "jsonlite": {
      "Package": "jsonlite",
      "Version": "1.8.4",
      "Source": "Repository",
      "Repository": "CRAN",
      "Requirements": [
        "methods"
      ],
      "Hash": "a4269a09a9b865579b2635c77e572374"
    },
    "later": {
      "Package": "later",
      "Version": "1.3.0",
      "Source": "Repository",
      "Repository": "CRAN",
      "Requirements": [
        "Rcpp",
        "rlang"
      ],
      "Hash": "7e7b457d7766bc47f2a5f21cc2984f8e"
    },
    "lifecycle": {
      "Package": "lifecycle",
      "Version": "1.0.3",
      "Source": "Repository",
      "Repository": "RSPM",
      "Requirements": [
        "R",
        "cli",
        "glue",
        "rlang"
      ],
      "Hash": "001cecbeac1cff9301bdc3775ee46a86"
    },
    "lubridate": {
      "Package": "lubridate",
      "Version": "1.9.2",
      "Source": "Repository",
      "Repository": "RSPM",
      "Requirements": [
        "R",
        "generics",
        "methods",
        "timechange"
      ],
      "Hash": "e25f18436e3efd42c7c590a1c4c15390"
    },
    "magrittr": {
      "Package": "magrittr",
      "Version": "2.0.3",
      "Source": "Repository",
      "Repository": "RSPM",
      "Requirements": [
        "R"
      ],
      "Hash": "7ce2733a9826b3aeb1775d56fd305472"
    },
    "memoise": {
      "Package": "memoise",
      "Version": "2.0.1",
      "Source": "Repository",
      "Repository": "RSPM",
      "Requirements": [
        "cachem",
        "rlang"
      ],
      "Hash": "e2817ccf4a065c5d9d7f2cfbe7c1d78c"
    },
    "mime": {
      "Package": "mime",
      "Version": "0.12",
      "Source": "Repository",
      "Repository": "RSPM",
      "Requirements": [
        "tools"
      ],
      "Hash": "18e9c28c1d3ca1560ce30658b22ce104"
    },
    "openssl": {
      "Package": "openssl",
      "Version": "2.1.1",
      "Source": "Repository",
      "Repository": "CRAN",
      "Requirements": [
        "askpass"
      ],
      "Hash": "2a0dc8c6adfb6f032e4d4af82d258ab5"
    },
    "pillar": {
      "Package": "pillar",
      "Version": "1.9.0",
      "Source": "Repository",
      "Repository": "RSPM",
      "Requirements": [
        "cli",
        "fansi",
        "glue",
        "lifecycle",
        "rlang",
        "utf8",
        "utils",
        "vctrs"
      ],
      "Hash": "15da5a8412f317beeee6175fbc76f4bb"
    },
    "pkgconfig": {
      "Package": "pkgconfig",
      "Version": "2.0.3",
      "Source": "Repository",
      "Repository": "RSPM",
      "Requirements": [
        "utils"
      ],
      "Hash": "01f28d4278f15c76cddbea05899c5d6f"
    },
    "prettyunits": {
      "Package": "prettyunits",
      "Version": "1.1.1",
      "Source": "Repository",
      "Repository": "RSPM",
      "Hash": "95ef9167b75dde9d2ccc3c7528393e7e"
    },
    "progress": {
      "Package": "progress",
      "Version": "1.2.2",
      "Source": "Repository",
      "Repository": "RSPM",
      "Requirements": [
        "R6",
        "crayon",
        "hms",
        "prettyunits"
      ],
      "Hash": "14dc9f7a3c91ebb14ec5bb9208a07061"
    },
    "promises": {
      "Package": "promises",
      "Version": "1.2.0.1",
      "Source": "Repository",
      "Repository": "RSPM",
      "Requirements": [
        "R6",
        "Rcpp",
        "later",
        "magrittr",
        "rlang",
        "stats"
      ],
      "Hash": "4ab2c43adb4d4699cf3690acd378d75d"
    },
    "purrr": {
      "Package": "purrr",
      "Version": "1.0.2",
      "Source": "Repository",
      "Repository": "RSPM",
      "Requirements": [
        "R",
        "cli",
        "lifecycle",
        "magrittr",
        "rlang",
        "vctrs"
      ],
      "Hash": "1cba04a4e9414bdefc9dcaa99649a8dc"
    },
    "rappdirs": {
      "Package": "rappdirs",
      "Version": "0.3.3",
      "Source": "Repository",
      "Repository": "RSPM",
      "Requirements": [
        "R"
      ],
      "Hash": "5e3c5dc0b071b21fa128676560dbe94d"
    },
    "renv": {
      "Package": "renv",
      "Version": "1.0.7",
      "Source": "Repository",
      "Repository": "CRAN",
      "Requirements": [
        "utils"
      ],
      "Hash": "397b7b2a265bc5a7a06852524dabae20"
    },
    "rlang": {
      "Package": "rlang",
      "Version": "1.1.1",
      "Source": "Repository",
      "Repository": "RSPM",
      "Requirements": [
        "R",
        "utils"
      ],
      "Hash": "a85c767b55f0bf9b7ad16c6d7baee5bb"
    },
    "sass": {
      "Package": "sass",
      "Version": "0.4.9",
      "Source": "Repository",
      "Repository": "RSPM",
      "Requirements": [
        "R6",
        "fs",
        "htmltools",
        "rappdirs",
        "rlang"
      ],
      "Hash": "d53dbfddf695303ea4ad66f86e99b95d"
    },
    "shiny": {
      "Package": "shiny",
      "Version": "1.7.2",
      "Source": "Repository",
      "Repository": "CRAN",
      "Requirements": [
        "R",
        "R6",
        "bslib",
        "cachem",
        "commonmark",
        "crayon",
        "ellipsis",
        "fastmap",
        "fontawesome",
        "glue",
        "grDevices",
        "htmltools",
        "httpuv",
        "jsonlite",
        "later",
        "lifecycle",
        "methods",
        "mime",
        "promises",
        "rlang",
        "sourcetools",
        "tools",
        "utils",
        "withr",
        "xtable"
      ],
      "Hash": "4f7970a3edb0a153ac6b376785a1944a"
    },
    "sourcetools": {
      "Package": "sourcetools",
      "Version": "0.1.7",
      "Source": "Repository",
      "Repository": "CRAN",
      "Requirements": [
        "R"
      ],
      "Hash": "947e4e02a79effa5d512473e10f41797"
    },
    "sys": {
      "Package": "sys",
      "Version": "3.4.2",
      "Source": "Repository",
      "Repository": "RSPM",
      "Hash": "3a1be13d68d47a8cd0bfd74739ca1555"
    },
    "tibble": {
      "Package": "tibble",
      "Version": "3.2.1",
      "Source": "Repository",
      "Repository": "RSPM",
      "Requirements": [
        "R",
        "fansi",
        "lifecycle",
        "magrittr",
        "methods",
        "pillar",
        "pkgconfig",
        "rlang",
        "utils",
        "vctrs"
      ],
      "Hash": "a84e2cc86d07289b3b6f5069df7a004c"
    },
    "tidyselect": {
      "Package": "tidyselect",
      "Version": "1.2.0",
      "Source": "Repository",
      "Repository": "RSPM",
      "Requirements": [
        "R",
        "cli",
        "glue",
        "lifecycle",
        "rlang",
        "vctrs",
        "withr"
      ],
      "Hash": "79540e5fcd9e0435af547d885f184fd5"
    },
    "timechange": {
      "Package": "timechange",
      "Version": "0.2.0",
      "Source": "Repository",
      "Repository": "RSPM",
      "Requirements": [
        "R",
        "cpp11"
      ],
      "Hash": "8548b44f79a35ba1791308b61e6012d7"
    },
    "tzdb": {
      "Package": "tzdb",
      "Version": "0.3.0",
      "Source": "Repository",
      "Repository": "CRAN",
      "Requirements": [
        "R",
        "cpp11"
      ],
      "Hash": "b2e1cbce7c903eaf23ec05c58e59fb5e"
    },
    "utf8": {
      "Package": "utf8",
      "Version": "1.2.3",
      "Source": "Repository",
      "Repository": "RSPM",
      "Requirements": [
        "R"
      ],
      "Hash": "1fe17157424bb09c48a8b3b550c753bc"
    },
    "vctrs": {
      "Package": "vctrs",
      "Version": "0.6.3",
      "Source": "Repository",
      "Repository": "RSPM",
      "Requirements": [
        "R",
        "cli",
        "glue",
        "lifecycle",
        "rlang"
      ],
      "Hash": "d0ef2856b83dc33ea6e255caf6229ee2"
    },
    "vroom": {
      "Package": "vroom",
      "Version": "1.6.0",
      "Source": "Repository",
      "Repository": "CRAN",
      "Requirements": [
        "R",
        "bit64",
        "cli",
        "cpp11",
        "crayon",
        "glue",
        "hms",
        "lifecycle",
        "methods",
        "progress",
        "rlang",
        "stats",
        "tibble",
        "tidyselect",
        "tzdb",
        "vctrs",
        "withr"
      ],
      "Hash": "64f81fdead6e0d250fb041e175d123ab"
    },
    "withr": {
      "Package": "withr",
      "Version": "2.5.0",
      "Source": "Repository",
      "Repository": "RSPM",
      "Requirements": [
        "R",
        "grDevices",
        "graphics",
        "stats"
      ],
      "Hash": "c0e49a9760983e81e55cdd9be92e7182"
    },
    "xtable": {
      "Package": "xtable",
      "Version": "1.8-4",
      "Source": "Repository",
      "Repository": "RSPM",
      "Requirements": [
        "R",
        "stats",
        "utils"
      ],
      "Hash": "b8acdf8af494d9ec19ccb2481a9b11c2"
    }
  }
}
